
Microsoft Visual Studio Solution File, Format Version 12.00
# Visual Studio 14
VisualStudioVersion = 14.0.25420.1
MinimumVisualStudioVersion = 10.0.40219.1
Project("{FAE04EC0-301F-11D3-BF4B-00C04F79EFBC}") = "BitcoinTrading", "BitcoinTrading\BitcoinTrading.csproj", "{08E81FE3-6939-4FAE-935A-977C40729129}"
EndProject
Project("{FAE04EC0-301F-11D3-BF4B-00C04F79EFBC}") = "BitcoinTrading.Tests", "BitcoinTrading.Tests\BitcoinTrading.Tests.csproj", "{FF24FFB9-2DDF-4341-A92B-697129E19206}"
EndProject
Project("{FAE04EC0-301F-11D3-BF4B-00C04F79EFBC}") = "BitcoinTradingWF", "BitcoinTradingWF\BitcoinTradingWF.csproj", "{E9F9431F-9082-45BC-9141-165DA8B29C48}"
EndProject
Project("{FAE04EC0-301F-11D3-BF4B-00C04F79EFBC}") = "BitcoinTradingWPF", "BitcoinTradingWPF\BitcoinTradingWPF.csproj", "{BE2AEF9C-F2F8-498D-96CB-EB35EDF0F620}"
EndProject
Project("{FAE04EC0-301F-11D3-BF4B-00C04F79EFBC}") = "BitcoinTradingUniversal", "BitcoinTradingUniversal\BitcoinTradingUniversal.csproj", "{BA2BD58C-3C24-4422-ACED-CCACF2C42763}"
EndProject
Project("{FAE04EC0-301F-11D3-BF4B-00C04F79EFBC}") = "BitcoinTradingAndroid", "BitcoinTradingAndroid\BitcoinTradingAndroid.csproj", "{235386A7-83EC-4305-AFBA-363D534DA29E}"
EndProject
Project("{FAE04EC0-301F-11D3-BF4B-00C04F79EFBC}") = "BitcoinTradingIOS", "BitcoinTradingIOS\BitcoinTradingIOS.csproj", "{F0313ACF-EEA3-497F-81D8-30CC8F6E9BC5}"
EndProject
Global
	GlobalSection(SolutionConfigurationPlatforms) = preSolution
		Debug|Any CPU = Debug|Any CPU
		Debug|ARM = Debug|ARM
		Debug|x64 = Debug|x64
		Debug|x86 = Debug|x86
		Release|Any CPU = Release|Any CPU
		Release|ARM = Release|ARM
		Release|x64 = Release|x64
		Release|x86 = Release|x86
	EndGlobalSection
	GlobalSection(ProjectConfigurationPlatforms) = postSolution
		{08E81FE3-6939-4FAE-935A-977C40729129}.Debug|Any CPU.ActiveCfg = Debug|Any CPU
		{08E81FE3-6939-4FAE-935A-977C40729129}.Debug|Any CPU.Build.0 = Debug|Any CPU
		{08E81FE3-6939-4FAE-935A-977C40729129}.Debug|ARM.ActiveCfg = Debug|Any CPU
		{08E81FE3-6939-4FAE-935A-977C40729129}.Debug|ARM.Build.0 = Debug|Any CPU
		{08E81FE3-6939-4FAE-935A-977C40729129}.Debug|x64.ActiveCfg = Debug|Any CPU
		{08E81FE3-6939-4FAE-935A-977C40729129}.Debug|x64.Build.0 = Debug|Any CPU
		{08E81FE3-6939-4FAE-935A-977C40729129}.Debug|x86.ActiveCfg = Debug|Any CPU
		{08E81FE3-6939-4FAE-935A-977C40729129}.Debug|x86.Build.0 = Debug|Any CPU
		{08E81FE3-6939-4FAE-935A-977C40729129}.Release|Any CPU.ActiveCfg = Release|Any CPU
		{08E81FE3-6939-4FAE-935A-977C40729129}.Release|Any CPU.Build.0 = Release|Any CPU
		{08E81FE3-6939-4FAE-935A-977C40729129}.Release|ARM.ActiveCfg = Release|Any CPU
		{08E81FE3-6939-4FAE-935A-977C40729129}.Release|ARM.Build.0 = Release|Any CPU
		{08E81FE3-6939-4FAE-935A-977C40729129}.Release|x64.ActiveCfg = Release|Any CPU
		{08E81FE3-6939-4FAE-935A-977C40729129}.Release|x64.Build.0 = Release|Any CPU
		{08E81FE3-6939-4FAE-935A-977C40729129}.Release|x86.ActiveCfg = Release|Any CPU
		{08E81FE3-6939-4FAE-935A-977C40729129}.Release|x86.Build.0 = Release|Any CPU
		{FF24FFB9-2DDF-4341-A92B-697129E19206}.Debug|Any CPU.ActiveCfg = Debug|Any CPU
		{FF24FFB9-2DDF-4341-A92B-697129E19206}.Debug|Any CPU.Build.0 = Debug|Any CPU
		{FF24FFB9-2DDF-4341-A92B-697129E19206}.Debug|ARM.ActiveCfg = Debug|Any CPU
		{FF24FFB9-2DDF-4341-A92B-697129E19206}.Debug|ARM.Build.0 = Debug|Any CPU
		{FF24FFB9-2DDF-4341-A92B-697129E19206}.Debug|x64.ActiveCfg = Debug|Any CPU
		{FF24FFB9-2DDF-4341-A92B-697129E19206}.Debug|x64.Build.0 = Debug|Any CPU
		{FF24FFB9-2DDF-4341-A92B-697129E19206}.Debug|x86.ActiveCfg = Debug|Any CPU
		{FF24FFB9-2DDF-4341-A92B-697129E19206}.Debug|x86.Build.0 = Debug|Any CPU
		{FF24FFB9-2DDF-4341-A92B-697129E19206}.Release|Any CPU.ActiveCfg = Release|Any CPU
		{FF24FFB9-2DDF-4341-A92B-697129E19206}.Release|Any CPU.Build.0 = Release|Any CPU
		{FF24FFB9-2DDF-4341-A92B-697129E19206}.Release|ARM.ActiveCfg = Release|Any CPU
		{FF24FFB9-2DDF-4341-A92B-697129E19206}.Release|ARM.Build.0 = Release|Any CPU
		{FF24FFB9-2DDF-4341-A92B-697129E19206}.Release|x64.ActiveCfg = Release|Any CPU
		{FF24FFB9-2DDF-4341-A92B-697129E19206}.Release|x64.Build.0 = Release|Any CPU
		{FF24FFB9-2DDF-4341-A92B-697129E19206}.Release|x86.ActiveCfg = Release|Any CPU
		{FF24FFB9-2DDF-4341-A92B-697129E19206}.Release|x86.Build.0 = Release|Any CPU
		{E9F9431F-9082-45BC-9141-165DA8B29C48}.Debug|Any CPU.ActiveCfg = Debug|Any CPU
		{E9F9431F-9082-45BC-9141-165DA8B29C48}.Debug|Any CPU.Build.0 = Debug|Any CPU
		{E9F9431F-9082-45BC-9141-165DA8B29C48}.Debug|ARM.ActiveCfg = Debug|Any CPU
		{E9F9431F-9082-45BC-9141-165DA8B29C48}.Debug|ARM.Build.0 = Debug|Any CPU
		{E9F9431F-9082-45BC-9141-165DA8B29C48}.Debug|x64.ActiveCfg = Debug|Any CPU
		{E9F9431F-9082-45BC-9141-165DA8B29C48}.Debug|x64.Build.0 = Debug|Any CPU
		{E9F9431F-9082-45BC-9141-165DA8B29C48}.Debug|x86.ActiveCfg = Debug|Any CPU
		{E9F9431F-9082-45BC-9141-165DA8B29C48}.Debug|x86.Build.0 = Debug|Any CPU
		{E9F9431F-9082-45BC-9141-165DA8B29C48}.Release|Any CPU.ActiveCfg = Release|Any CPU
		{E9F9431F-9082-45BC-9141-165DA8B29C48}.Release|Any CPU.Build.0 = Release|Any CPU
		{E9F9431F-9082-45BC-9141-165DA8B29C48}.Release|ARM.ActiveCfg = Release|Any CPU
		{E9F9431F-9082-45BC-9141-165DA8B29C48}.Release|ARM.Build.0 = Release|Any CPU
		{E9F9431F-9082-45BC-9141-165DA8B29C48}.Release|x64.ActiveCfg = Release|Any CPU
		{E9F9431F-9082-45BC-9141-165DA8B29C48}.Release|x64.Build.0 = Release|Any CPU
		{E9F9431F-9082-45BC-9141-165DA8B29C48}.Release|x86.ActiveCfg = Release|Any CPU
		{E9F9431F-9082-45BC-9141-165DA8B29C48}.Release|x86.Build.0 = Release|Any CPU
		{BE2AEF9C-F2F8-498D-96CB-EB35EDF0F620}.Debug|Any CPU.ActiveCfg = Debug|Any CPU
		{BE2AEF9C-F2F8-498D-96CB-EB35EDF0F620}.Debug|Any CPU.Build.0 = Debug|Any CPU
		{BE2AEF9C-F2F8-498D-96CB-EB35EDF0F620}.Debug|ARM.ActiveCfg = Debug|Any CPU
		{BE2AEF9C-F2F8-498D-96CB-EB35EDF0F620}.Debug|ARM.Build.0 = Debug|Any CPU
		{BE2AEF9C-F2F8-498D-96CB-EB35EDF0F620}.Debug|x64.ActiveCfg = Debug|Any CPU
		{BE2AEF9C-F2F8-498D-96CB-EB35EDF0F620}.Debug|x64.Build.0 = Debug|Any CPU
		{BE2AEF9C-F2F8-498D-96CB-EB35EDF0F620}.Debug|x86.ActiveCfg = Debug|Any CPU
		{BE2AEF9C-F2F8-498D-96CB-EB35EDF0F620}.Debug|x86.Build.0 = Debug|Any CPU
		{BE2AEF9C-F2F8-498D-96CB-EB35EDF0F620}.Release|Any CPU.ActiveCfg = Release|Any CPU
		{BE2AEF9C-F2F8-498D-96CB-EB35EDF0F620}.Release|Any CPU.Build.0 = Release|Any CPU
		{BE2AEF9C-F2F8-498D-96CB-EB35EDF0F620}.Release|ARM.ActiveCfg = Release|Any CPU
		{BE2AEF9C-F2F8-498D-96CB-EB35EDF0F620}.Release|ARM.Build.0 = Release|Any CPU
		{BE2AEF9C-F2F8-498D-96CB-EB35EDF0F620}.Release|x64.ActiveCfg = Release|Any CPU
		{BE2AEF9C-F2F8-498D-96CB-EB35EDF0F620}.Release|x64.Build.0 = Release|Any CPU
		{BE2AEF9C-F2F8-498D-96CB-EB35EDF0F620}.Release|x86.ActiveCfg = Release|Any CPU
		{BE2AEF9C-F2F8-498D-96CB-EB35EDF0F620}.Release|x86.Build.0 = Release|Any CPU
		{BA2BD58C-3C24-4422-ACED-CCACF2C42763}.Debug|Any CPU.ActiveCfg = Debug|x86
		{BA2BD58C-3C24-4422-ACED-CCACF2C42763}.Debug|ARM.ActiveCfg = Debug|ARM
		{BA2BD58C-3C24-4422-ACED-CCACF2C42763}.Debug|ARM.Build.0 = Debug|ARM
		{BA2BD58C-3C24-4422-ACED-CCACF2C42763}.Debug|ARM.Deploy.0 = Debug|ARM
		{BA2BD58C-3C24-4422-ACED-CCACF2C42763}.Debug|x64.ActiveCfg = Debug|x64
		{BA2BD58C-3C24-4422-ACED-CCACF2C42763}.Debug|x64.Build.0 = Debug|x64
		{BA2BD58C-3C24-4422-ACED-CCACF2C42763}.Debug|x64.Deploy.0 = Debug|x64
		{BA2BD58C-3C24-4422-ACED-CCACF2C42763}.Debug|x86.ActiveCfg = Debug|x86
		{BA2BD58C-3C24-4422-ACED-CCACF2C42763}.Debug|x86.Build.0 = Debug|x86
		{BA2BD58C-3C24-4422-ACED-CCACF2C42763}.Debug|x86.Deploy.0 = Debug|x86
		{BA2BD58C-3C24-4422-ACED-CCACF2C42763}.Release|Any CPU.ActiveCfg = Release|x86
		{BA2BD58C-3C24-4422-ACED-CCACF2C42763}.Release|ARM.ActiveCfg = Release|ARM
		{BA2BD58C-3C24-4422-ACED-CCACF2C42763}.Release|ARM.Build.0 = Release|ARM
		{BA2BD58C-3C24-4422-ACED-CCACF2C42763}.Release|ARM.Deploy.0 = Release|ARM
		{BA2BD58C-3C24-4422-ACED-CCACF2C42763}.Release|x64.ActiveCfg = Release|x64
		{BA2BD58C-3C24-4422-ACED-CCACF2C42763}.Release|x64.Build.0 = Release|x64
		{BA2BD58C-3C24-4422-ACED-CCACF2C42763}.Release|x64.Deploy.0 = Release|x64
		{BA2BD58C-3C24-4422-ACED-CCACF2C42763}.Release|x86.ActiveCfg = Release|x86
		{BA2BD58C-3C24-4422-ACED-CCACF2C42763}.Release|x86.Build.0 = Release|x86
		{BA2BD58C-3C24-4422-ACED-CCACF2C42763}.Release|x86.Deploy.0 = Release|x86
		{235386A7-83EC-4305-AFBA-363D534DA29E}.Debug|Any CPU.ActiveCfg = Debug|Any CPU
		{235386A7-83EC-4305-AFBA-363D534DA29E}.Debug|Any CPU.Build.0 = Debug|Any CPU
		{235386A7-83EC-4305-AFBA-363D534DA29E}.Debug|Any CPU.Deploy.0 = Debug|Any CPU
		{235386A7-83EC-4305-AFBA-363D534DA29E}.Debug|ARM.ActiveCfg = Debug|Any CPU
		{235386A7-83EC-4305-AFBA-363D534DA29E}.Debug|ARM.Build.0 = Debug|Any CPU
		{235386A7-83EC-4305-AFBA-363D534DA29E}.Debug|ARM.Deploy.0 = Debug|Any CPU
		{235386A7-83EC-4305-AFBA-363D534DA29E}.Debug|x64.ActiveCfg = Debug|Any CPU
		{235386A7-83EC-4305-AFBA-363D534DA29E}.Debug|x64.Build.0 = Debug|Any CPU
		{235386A7-83EC-4305-AFBA-363D534DA29E}.Debug|x64.Deploy.0 = Debug|Any CPU
		{235386A7-83EC-4305-AFBA-363D534DA29E}.Debug|x86.ActiveCfg = Debug|Any CPU
		{235386A7-83EC-4305-AFBA-363D534DA29E}.Debug|x86.Build.0 = Debug|Any CPU
		{235386A7-83EC-4305-AFBA-363D534DA29E}.Debug|x86.Deploy.0 = Debug|Any CPU
		{235386A7-83EC-4305-AFBA-363D534DA29E}.Release|Any CPU.ActiveCfg = Release|Any CPU
		{235386A7-83EC-4305-AFBA-363D534DA29E}.Release|Any CPU.Build.0 = Release|Any CPU
		{235386A7-83EC-4305-AFBA-363D534DA29E}.Release|Any CPU.Deploy.0 = Release|Any CPU
		{235386A7-83EC-4305-AFBA-363D534DA29E}.Release|ARM.ActiveCfg = Release|Any CPU
		{235386A7-83EC-4305-AFBA-363D534DA29E}.Release|ARM.Build.0 = Release|Any CPU
		{235386A7-83EC-4305-AFBA-363D534DA29E}.Release|ARM.Deploy.0 = Release|Any CPU
		{235386A7-83EC-4305-AFBA-363D534DA29E}.Release|x64.ActiveCfg = Release|Any CPU
		{235386A7-83EC-4305-AFBA-363D534DA29E}.Release|x64.Build.0 = Release|Any CPU
		{235386A7-83EC-4305-AFBA-363D534DA29E}.Release|x64.Deploy.0 = Release|Any CPU
		{235386A7-83EC-4305-AFBA-363D534DA29E}.Release|x86.ActiveCfg = Release|Any CPU
		{235386A7-83EC-4305-AFBA-363D534DA29E}.Release|x86.Build.0 = Release|Any CPU
		{235386A7-83EC-4305-AFBA-363D534DA29E}.Release|x86.Deploy.0 = Release|Any CPU
		{F0313ACF-EEA3-497F-81D8-30CC8F6E9BC5}.Debug|Any CPU.ActiveCfg = Debug|Any CPU
		{F0313ACF-EEA3-497F-81D8-30CC8F6E9BC5}.Debug|Any CPU.Build.0 = Debug|Any CPU
		{F0313ACF-EEA3-497F-81D8-30CC8F6E9BC5}.Debug|ARM.ActiveCfg = Debug|Any CPU
		{F0313ACF-EEA3-497F-81D8-30CC8F6E9BC5}.Debug|ARM.Build.0 = Debug|Any CPU
		{F0313ACF-EEA3-497F-81D8-30CC8F6E9BC5}.Debug|x64.ActiveCfg = Debug|Any CPU
		{F0313ACF-EEA3-497F-81D8-30CC8F6E9BC5}.Debug|x64.Build.0 = Debug|Any CPU
		{F0313ACF-EEA3-497F-81D8-30CC8F6E9BC5}.Debug|x86.ActiveCfg = Debug|Any CPU
		{F0313ACF-EEA3-497F-81D8-30CC8F6E9BC5}.Debug|x86.Build.0 = Debug|Any CPU
		{F0313ACF-EEA3-497F-81D8-30CC8F6E9BC5}.Release|Any CPU.ActiveCfg = Release|Any CPU
		{F0313ACF-EEA3-497F-81D8-30CC8F6E9BC5}.Release|Any CPU.Build.0 = Release|Any CPU
		{F0313ACF-EEA3-497F-81D8-30CC8F6E9BC5}.Release|ARM.ActiveCfg = Release|Any CPU
		{F0313ACF-EEA3-497F-81D8-30CC8F6E9BC5}.Release|ARM.Build.0 = Release|Any CPU
		{F0313ACF-EEA3-497F-81D8-30CC8F6E9BC5}.Release|x64.ActiveCfg = Release|Any CPU
		{F0313ACF-EEA3-497F-81D8-30CC8F6E9BC5}.Release|x64.Build.0 = Release|Any CPU
		{F0313ACF-EEA3-497F-81D8-30CC8F6E9BC5}.Release|x86.ActiveCfg = Release|Any CPU
		{F0313ACF-EEA3-497F-81D8-30CC8F6E9BC5}.Release|x86.Build.0 = Release|Any CPU
	EndGlobalSection
	GlobalSection(SolutionProperties) = preSolution
		HideSolutionNode = FALSE
	EndGlobalSection
EndGlobal
