
Microsoft Visual Studio Solution File, Format Version 12.00
# Visual Studio 2013
VisualStudioVersion = 12.0.30723.0
MinimumVisualStudioVersion = 10.0.40219.1
Project("{FAE04EC0-301F-11D3-BF4B-00C04F79EFBC}") = "MyWindowsFormsApplication", "MyWindowsFormsApplication\MyWindowsFormsApplication.csproj", "{3CED41C1-865B-45F5-A554-A137E7834885}"
EndProject
Global
	GlobalSection(SolutionConfigurationPlatforms) = preSolution
		Debug|Any CPU = Debug|Any CPU
		Release|Any CPU = Release|Any CPU
	EndGlobalSection
	GlobalSection(ProjectConfigurationPlatforms) = postSolution
		{3CED41C1-865B-45F5-A554-A137E7834885}.Debug|Any CPU.ActiveCfg = Debug|Any CPU
		{3CED41C1-865B-45F5-A554-A137E7834885}.Debug|Any CPU.Build.0 = Debug|Any CPU
		{3CED41C1-865B-45F5-A554-A137E7834885}.Release|Any CPU.ActiveCfg = Release|Any CPU
		{3CED41C1-865B-45F5-A554-A137E7834885}.Release|Any CPU.Build.0 = Release|Any CPU
	EndGlobalSection
	GlobalSection(SolutionProperties) = preSolution
		HideSolutionNode = FALSE
	EndGlobalSection
EndGlobal
