
Microsoft Visual Studio Solution File, Format Version 12.00
# Visual Studio 14
VisualStudioVersion = 14.0.25420.1
MinimumVisualStudioVersion = 10.0.40219.1
Project("{FAE04EC0-301F-11D3-BF4B-00C04F79EFBC}") = "Hello1", "Hello1\Hello1.csproj", "{44431918-5A45-483F-BB9A-7C17E85E977A}"
EndProject
Project("{FAE04EC0-301F-11D3-BF4B-00C04F79EFBC}") = "Hello2", "Hello2\Hello2.csproj", "{7245A3B8-E47F-4E9B-ACD1-881852008CB1}"
EndProject
Project("{FAE04EC0-301F-11D3-BF4B-00C04F79EFBC}") = "Hello3", "Hello3\Hello3.csproj", "{BEA87102-9A8E-4DA1-B10A-28E3D65151F9}"
EndProject
Project("{FAE04EC0-301F-11D3-BF4B-00C04F79EFBC}") = "Hello4", "Hello5\Hello4.csproj", "{6282B85F-9653-4D39-9E1C-49B6112ED7CA}"
EndProject
Project("{FAE04EC0-301F-11D3-BF4B-00C04F79EFBC}") = "cmdline1", "cmdline1\cmdline1.csproj", "{8051BBE1-CB2B-4CB2-9A8C-F50DAB50F309}"
EndProject
Project("{FAE04EC0-301F-11D3-BF4B-00C04F79EFBC}") = "cmdline2", "cmdline2\cmdline2.csproj", "{BCC467B2-704F-4F79-AEAA-D4D548A15975}"
EndProject
Project("{FAE04EC0-301F-11D3-BF4B-00C04F79EFBC}") = "arrays", "arrays\arrays.csproj", "{75232AC2-CE24-4EB2-B840-5BC69D5F8A03}"
EndProject
Project("{FAE04EC0-301F-11D3-BF4B-00C04F79EFBC}") = "Properties", "Properties\Properties.csproj", "{F53BF58C-87B5-4990-8EAB-D5627EBCA195}"
EndProject
Project("{FAE04EC0-301F-11D3-BF4B-00C04F79EFBC}") = "Functions", "Functions\Functions.csproj", "{FC7B5322-A5D7-40FD-A1F3-D259D0B30DFC}"
EndProject
Project("{FAE04EC0-301F-11D3-BF4B-00C04F79EFBC}") = "FunctionTest", "FunctionTest\FunctionTest.csproj", "{85614EBA-7C69-42A3-BC1D-C7A9A9FE3298}"
EndProject
Project("{FAE04EC0-301F-11D3-BF4B-00C04F79EFBC}") = "Versioning", "Versioning\Versioning.csproj", "{8DF45375-30D3-4EB0-AC33-9F57D6CAB4E5}"
EndProject
Project("{FAE04EC0-301F-11D3-BF4B-00C04F79EFBC}") = "CollectionClasses", "CollectionClasses\CollectionClasses.csproj", "{02D5011A-2A44-49CC-BCA9-6EEB8845557B}"
EndProject
Project("{FAE04EC0-301F-11D3-BF4B-00C04F79EFBC}") = "CollectionClasses2", "CollectionClasses2\CollectionClasses2.csproj", "{919BC35A-CE11-4F53-BCD0-BE933B2BAE1D}"
EndProject
Project("{FAE04EC0-301F-11D3-BF4B-00C04F79EFBC}") = "Struct1", "Struct1\Struct1.csproj", "{72A96504-6704-48BE-BCC7-E3C732386AB6}"
EndProject
Project("{FAE04EC0-301F-11D3-BF4B-00C04F79EFBC}") = "Struct2", "Struct2\Struct2.csproj", "{88476EB6-EA74-4115-9DD1-7F98CF6AE8C0}"
EndProject
Project("{FAE04EC0-301F-11D3-BF4B-00C04F79EFBC}") = "Indexers", "Indexers\Indexers.csproj", "{0B1AF675-3309-4DD2-9127-82C6A542C947}"
EndProject
Project("{FAE04EC0-301F-11D3-BF4B-00C04F79EFBC}") = "IndexedProperties", "IndexedProperties\IndexedProperties.csproj", "{4BDC27C1-E074-49BC-8C2A-D5A68CA1ACF1}"
EndProject
Project("{FAE04EC0-301F-11D3-BF4B-00C04F79EFBC}") = "UserConversions", "UserConversions\UserConversions.csproj", "{AC4FD41D-1F45-47A4-AE8E-55F905823388}"
EndProject
Project("{FAE04EC0-301F-11D3-BF4B-00C04F79EFBC}") = "Threads", "Threads\Threads.csproj", "{05B5518C-15DF-4926-804D-76A0D2BB1170}"
EndProject
Global
	GlobalSection(SolutionConfigurationPlatforms) = preSolution
		Debug|Any CPU = Debug|Any CPU
		Release|Any CPU = Release|Any CPU
	EndGlobalSection
	GlobalSection(ProjectConfigurationPlatforms) = postSolution
		{44431918-5A45-483F-BB9A-7C17E85E977A}.Debug|Any CPU.ActiveCfg = Debug|Any CPU
		{44431918-5A45-483F-BB9A-7C17E85E977A}.Debug|Any CPU.Build.0 = Debug|Any CPU
		{44431918-5A45-483F-BB9A-7C17E85E977A}.Release|Any CPU.ActiveCfg = Release|Any CPU
		{44431918-5A45-483F-BB9A-7C17E85E977A}.Release|Any CPU.Build.0 = Release|Any CPU
		{7245A3B8-E47F-4E9B-ACD1-881852008CB1}.Debug|Any CPU.ActiveCfg = Debug|Any CPU
		{7245A3B8-E47F-4E9B-ACD1-881852008CB1}.Debug|Any CPU.Build.0 = Debug|Any CPU
		{7245A3B8-E47F-4E9B-ACD1-881852008CB1}.Release|Any CPU.ActiveCfg = Release|Any CPU
		{7245A3B8-E47F-4E9B-ACD1-881852008CB1}.Release|Any CPU.Build.0 = Release|Any CPU
		{BEA87102-9A8E-4DA1-B10A-28E3D65151F9}.Debug|Any CPU.ActiveCfg = Debug|Any CPU
		{BEA87102-9A8E-4DA1-B10A-28E3D65151F9}.Debug|Any CPU.Build.0 = Debug|Any CPU
		{BEA87102-9A8E-4DA1-B10A-28E3D65151F9}.Release|Any CPU.ActiveCfg = Release|Any CPU
		{BEA87102-9A8E-4DA1-B10A-28E3D65151F9}.Release|Any CPU.Build.0 = Release|Any CPU
		{6282B85F-9653-4D39-9E1C-49B6112ED7CA}.Debug|Any CPU.ActiveCfg = Debug|Any CPU
		{6282B85F-9653-4D39-9E1C-49B6112ED7CA}.Debug|Any CPU.Build.0 = Debug|Any CPU
		{6282B85F-9653-4D39-9E1C-49B6112ED7CA}.Release|Any CPU.ActiveCfg = Release|Any CPU
		{6282B85F-9653-4D39-9E1C-49B6112ED7CA}.Release|Any CPU.Build.0 = Release|Any CPU
		{8051BBE1-CB2B-4CB2-9A8C-F50DAB50F309}.Debug|Any CPU.ActiveCfg = Debug|Any CPU
		{8051BBE1-CB2B-4CB2-9A8C-F50DAB50F309}.Debug|Any CPU.Build.0 = Debug|Any CPU
		{8051BBE1-CB2B-4CB2-9A8C-F50DAB50F309}.Release|Any CPU.ActiveCfg = Release|Any CPU
		{8051BBE1-CB2B-4CB2-9A8C-F50DAB50F309}.Release|Any CPU.Build.0 = Release|Any CPU
		{BCC467B2-704F-4F79-AEAA-D4D548A15975}.Debug|Any CPU.ActiveCfg = Debug|Any CPU
		{BCC467B2-704F-4F79-AEAA-D4D548A15975}.Debug|Any CPU.Build.0 = Debug|Any CPU
		{BCC467B2-704F-4F79-AEAA-D4D548A15975}.Release|Any CPU.ActiveCfg = Release|Any CPU
		{BCC467B2-704F-4F79-AEAA-D4D548A15975}.Release|Any CPU.Build.0 = Release|Any CPU
		{75232AC2-CE24-4EB2-B840-5BC69D5F8A03}.Debug|Any CPU.ActiveCfg = Debug|Any CPU
		{75232AC2-CE24-4EB2-B840-5BC69D5F8A03}.Debug|Any CPU.Build.0 = Debug|Any CPU
		{75232AC2-CE24-4EB2-B840-5BC69D5F8A03}.Release|Any CPU.ActiveCfg = Release|Any CPU
		{75232AC2-CE24-4EB2-B840-5BC69D5F8A03}.Release|Any CPU.Build.0 = Release|Any CPU
		{F53BF58C-87B5-4990-8EAB-D5627EBCA195}.Debug|Any CPU.ActiveCfg = Debug|Any CPU
		{F53BF58C-87B5-4990-8EAB-D5627EBCA195}.Debug|Any CPU.Build.0 = Debug|Any CPU
		{F53BF58C-87B5-4990-8EAB-D5627EBCA195}.Release|Any CPU.ActiveCfg = Release|Any CPU
		{F53BF58C-87B5-4990-8EAB-D5627EBCA195}.Release|Any CPU.Build.0 = Release|Any CPU
		{FC7B5322-A5D7-40FD-A1F3-D259D0B30DFC}.Debug|Any CPU.ActiveCfg = Debug|Any CPU
		{FC7B5322-A5D7-40FD-A1F3-D259D0B30DFC}.Debug|Any CPU.Build.0 = Debug|Any CPU
		{FC7B5322-A5D7-40FD-A1F3-D259D0B30DFC}.Release|Any CPU.ActiveCfg = Release|Any CPU
		{FC7B5322-A5D7-40FD-A1F3-D259D0B30DFC}.Release|Any CPU.Build.0 = Release|Any CPU
		{85614EBA-7C69-42A3-BC1D-C7A9A9FE3298}.Debug|Any CPU.ActiveCfg = Debug|Any CPU
		{85614EBA-7C69-42A3-BC1D-C7A9A9FE3298}.Debug|Any CPU.Build.0 = Debug|Any CPU
		{85614EBA-7C69-42A3-BC1D-C7A9A9FE3298}.Release|Any CPU.ActiveCfg = Release|Any CPU
		{85614EBA-7C69-42A3-BC1D-C7A9A9FE3298}.Release|Any CPU.Build.0 = Release|Any CPU
		{8DF45375-30D3-4EB0-AC33-9F57D6CAB4E5}.Debug|Any CPU.ActiveCfg = Debug|Any CPU
		{8DF45375-30D3-4EB0-AC33-9F57D6CAB4E5}.Debug|Any CPU.Build.0 = Debug|Any CPU
		{8DF45375-30D3-4EB0-AC33-9F57D6CAB4E5}.Release|Any CPU.ActiveCfg = Release|Any CPU
		{8DF45375-30D3-4EB0-AC33-9F57D6CAB4E5}.Release|Any CPU.Build.0 = Release|Any CPU
		{02D5011A-2A44-49CC-BCA9-6EEB8845557B}.Debug|Any CPU.ActiveCfg = Debug|Any CPU
		{02D5011A-2A44-49CC-BCA9-6EEB8845557B}.Debug|Any CPU.Build.0 = Debug|Any CPU
		{02D5011A-2A44-49CC-BCA9-6EEB8845557B}.Release|Any CPU.ActiveCfg = Release|Any CPU
		{02D5011A-2A44-49CC-BCA9-6EEB8845557B}.Release|Any CPU.Build.0 = Release|Any CPU
		{919BC35A-CE11-4F53-BCD0-BE933B2BAE1D}.Debug|Any CPU.ActiveCfg = Debug|Any CPU
		{919BC35A-CE11-4F53-BCD0-BE933B2BAE1D}.Debug|Any CPU.Build.0 = Debug|Any CPU
		{919BC35A-CE11-4F53-BCD0-BE933B2BAE1D}.Release|Any CPU.ActiveCfg = Release|Any CPU
		{919BC35A-CE11-4F53-BCD0-BE933B2BAE1D}.Release|Any CPU.Build.0 = Release|Any CPU
		{72A96504-6704-48BE-BCC7-E3C732386AB6}.Debug|Any CPU.ActiveCfg = Debug|Any CPU
		{72A96504-6704-48BE-BCC7-E3C732386AB6}.Debug|Any CPU.Build.0 = Debug|Any CPU
		{72A96504-6704-48BE-BCC7-E3C732386AB6}.Release|Any CPU.ActiveCfg = Release|Any CPU
		{72A96504-6704-48BE-BCC7-E3C732386AB6}.Release|Any CPU.Build.0 = Release|Any CPU
		{88476EB6-EA74-4115-9DD1-7F98CF6AE8C0}.Debug|Any CPU.ActiveCfg = Debug|Any CPU
		{88476EB6-EA74-4115-9DD1-7F98CF6AE8C0}.Debug|Any CPU.Build.0 = Debug|Any CPU
		{88476EB6-EA74-4115-9DD1-7F98CF6AE8C0}.Release|Any CPU.ActiveCfg = Release|Any CPU
		{88476EB6-EA74-4115-9DD1-7F98CF6AE8C0}.Release|Any CPU.Build.0 = Release|Any CPU
		{0B1AF675-3309-4DD2-9127-82C6A542C947}.Debug|Any CPU.ActiveCfg = Debug|Any CPU
		{0B1AF675-3309-4DD2-9127-82C6A542C947}.Debug|Any CPU.Build.0 = Debug|Any CPU
		{0B1AF675-3309-4DD2-9127-82C6A542C947}.Release|Any CPU.ActiveCfg = Release|Any CPU
		{0B1AF675-3309-4DD2-9127-82C6A542C947}.Release|Any CPU.Build.0 = Release|Any CPU
		{4BDC27C1-E074-49BC-8C2A-D5A68CA1ACF1}.Debug|Any CPU.ActiveCfg = Debug|Any CPU
		{4BDC27C1-E074-49BC-8C2A-D5A68CA1ACF1}.Debug|Any CPU.Build.0 = Debug|Any CPU
		{4BDC27C1-E074-49BC-8C2A-D5A68CA1ACF1}.Release|Any CPU.ActiveCfg = Release|Any CPU
		{4BDC27C1-E074-49BC-8C2A-D5A68CA1ACF1}.Release|Any CPU.Build.0 = Release|Any CPU
		{AC4FD41D-1F45-47A4-AE8E-55F905823388}.Debug|Any CPU.ActiveCfg = Debug|Any CPU
		{AC4FD41D-1F45-47A4-AE8E-55F905823388}.Debug|Any CPU.Build.0 = Debug|Any CPU
		{AC4FD41D-1F45-47A4-AE8E-55F905823388}.Release|Any CPU.ActiveCfg = Release|Any CPU
		{AC4FD41D-1F45-47A4-AE8E-55F905823388}.Release|Any CPU.Build.0 = Release|Any CPU
		{05B5518C-15DF-4926-804D-76A0D2BB1170}.Debug|Any CPU.ActiveCfg = Debug|Any CPU
		{05B5518C-15DF-4926-804D-76A0D2BB1170}.Debug|Any CPU.Build.0 = Debug|Any CPU
		{05B5518C-15DF-4926-804D-76A0D2BB1170}.Release|Any CPU.ActiveCfg = Release|Any CPU
		{05B5518C-15DF-4926-804D-76A0D2BB1170}.Release|Any CPU.Build.0 = Release|Any CPU
	EndGlobalSection
	GlobalSection(SolutionProperties) = preSolution
		HideSolutionNode = FALSE
	EndGlobalSection
EndGlobal
